
Microsoft Visual Studio Solution File, Format Version 12.00
# Visual Studio Version 17
VisualStudioVersion = 17.1.32120.378
MinimumVisualStudioVersion = 10.0.40219.1
Project("{9A19103F-16F7-4668-BE54-9A1E7A4F7556}") = "UserInterface", "UserInterface\UserInterface.csproj", "{43E5AA62-48F1-4BAD-89AD-6793EEF871CE}"
EndProject
Project("{9A19103F-16F7-4668-BE54-9A1E7A4F7556}") = "ArchiveCreator", "ArchiveCreator\ArchiveCreator.csproj", "{CF98E91E-18F6-4951-9CD3-3453868384A6}"
EndProject
Project("{9A19103F-16F7-4668-BE54-9A1E7A4F7556}") = "Flymet", "Flymet\Flymet.csproj", "{1B983F55-741A-4230-89A2-85D5CEAE824E}"
	ProjectSection(ProjectDependencies) = postProject
		{F0BEBF60-341E-44C4-8EAB-D048A3B6C890} = {F0BEBF60-341E-44C4-8EAB-D048A3B6C890}
	EndProjectSection
EndProject
Project("{2150E333-8FDC-42A3-9474-1A3956D46DE8}") = "ArchiveProjects", "ArchiveProjects", "{6EFAAC6C-34BB-4B5E-BA4B-5EE8FC4E7EE9}"
EndProject
Project("{9A19103F-16F7-4668-BE54-9A1E7A4F7556}") = "SynopticMap", "SynopticMap\SynopticMap.csproj", "{07FFF904-9781-499E-A6CB-0FDA0D872B60}"
EndProject
Project("{9A19103F-16F7-4668-BE54-9A1E7A4F7556}") = "Model", "Model\Model.csproj", "{F0BEBF60-341E-44C4-8EAB-D048A3B6C890}"
EndProject
Project("{2150E333-8FDC-42A3-9474-1A3956D46DE8}") = "Models", "Models", "{35F2DE67-57C4-4505-9267-174C73FC997D}"
EndProject
Project("{9A19103F-16F7-4668-BE54-9A1E7A4F7556}") = "Model.Tests", "Model.Tests\Model.Tests.csproj", "{7A1D4570-5000-450A-897B-C0A924574C1F}"
EndProject
Project("{9A19103F-16F7-4668-BE54-9A1E7A4F7556}") = "ArchiveCreator.Tests", "ArchiveCreator.Tests\ArchiveCreator.Tests.csproj", "{F983A7FA-DB01-4B93-AAA3-851F9443E5EA}"
EndProject
Global
	GlobalSection(SolutionConfigurationPlatforms) = preSolution
		Debug|Any CPU = Debug|Any CPU
		Release|Any CPU = Release|Any CPU
	EndGlobalSection
	GlobalSection(ProjectConfigurationPlatforms) = postSolution
		{43E5AA62-48F1-4BAD-89AD-6793EEF871CE}.Debug|Any CPU.ActiveCfg = Debug|Any CPU
		{43E5AA62-48F1-4BAD-89AD-6793EEF871CE}.Debug|Any CPU.Build.0 = Debug|Any CPU
		{43E5AA62-48F1-4BAD-89AD-6793EEF871CE}.Release|Any CPU.ActiveCfg = Release|Any CPU
		{43E5AA62-48F1-4BAD-89AD-6793EEF871CE}.Release|Any CPU.Build.0 = Release|Any CPU
		{CF98E91E-18F6-4951-9CD3-3453868384A6}.Debug|Any CPU.ActiveCfg = Debug|Any CPU
		{CF98E91E-18F6-4951-9CD3-3453868384A6}.Debug|Any CPU.Build.0 = Debug|Any CPU
		{CF98E91E-18F6-4951-9CD3-3453868384A6}.Release|Any CPU.ActiveCfg = Release|Any CPU
		{CF98E91E-18F6-4951-9CD3-3453868384A6}.Release|Any CPU.Build.0 = Release|Any CPU
		{1B983F55-741A-4230-89A2-85D5CEAE824E}.Debug|Any CPU.ActiveCfg = Debug|Any CPU
		{1B983F55-741A-4230-89A2-85D5CEAE824E}.Debug|Any CPU.Build.0 = Debug|Any CPU
		{1B983F55-741A-4230-89A2-85D5CEAE824E}.Release|Any CPU.ActiveCfg = Release|Any CPU
		{1B983F55-741A-4230-89A2-85D5CEAE824E}.Release|Any CPU.Build.0 = Release|Any CPU
		{07FFF904-9781-499E-A6CB-0FDA0D872B60}.Debug|Any CPU.ActiveCfg = Debug|Any CPU
		{07FFF904-9781-499E-A6CB-0FDA0D872B60}.Debug|Any CPU.Build.0 = Debug|Any CPU
		{07FFF904-9781-499E-A6CB-0FDA0D872B60}.Release|Any CPU.ActiveCfg = Release|Any CPU
		{07FFF904-9781-499E-A6CB-0FDA0D872B60}.Release|Any CPU.Build.0 = Release|Any CPU
		{F0BEBF60-341E-44C4-8EAB-D048A3B6C890}.Debug|Any CPU.ActiveCfg = Debug|Any CPU
		{F0BEBF60-341E-44C4-8EAB-D048A3B6C890}.Debug|Any CPU.Build.0 = Debug|Any CPU
		{F0BEBF60-341E-44C4-8EAB-D048A3B6C890}.Release|Any CPU.ActiveCfg = Release|Any CPU
		{F0BEBF60-341E-44C4-8EAB-D048A3B6C890}.Release|Any CPU.Build.0 = Release|Any CPU
		{7A1D4570-5000-450A-897B-C0A924574C1F}.Debug|Any CPU.ActiveCfg = Debug|Any CPU
		{7A1D4570-5000-450A-897B-C0A924574C1F}.Debug|Any CPU.Build.0 = Debug|Any CPU
		{7A1D4570-5000-450A-897B-C0A924574C1F}.Release|Any CPU.ActiveCfg = Release|Any CPU
		{7A1D4570-5000-450A-897B-C0A924574C1F}.Release|Any CPU.Build.0 = Release|Any CPU
		{F983A7FA-DB01-4B93-AAA3-851F9443E5EA}.Debug|Any CPU.ActiveCfg = Debug|Any CPU
		{F983A7FA-DB01-4B93-AAA3-851F9443E5EA}.Debug|Any CPU.Build.0 = Debug|Any CPU
		{F983A7FA-DB01-4B93-AAA3-851F9443E5EA}.Release|Any CPU.ActiveCfg = Release|Any CPU
		{F983A7FA-DB01-4B93-AAA3-851F9443E5EA}.Release|Any CPU.Build.0 = Release|Any CPU
	EndGlobalSection
	GlobalSection(SolutionProperties) = preSolution
		HideSolutionNode = FALSE
	EndGlobalSection
	GlobalSection(NestedProjects) = preSolution
		{1B983F55-741A-4230-89A2-85D5CEAE824E} = {6EFAAC6C-34BB-4B5E-BA4B-5EE8FC4E7EE9}
		{07FFF904-9781-499E-A6CB-0FDA0D872B60} = {6EFAAC6C-34BB-4B5E-BA4B-5EE8FC4E7EE9}
		{F0BEBF60-341E-44C4-8EAB-D048A3B6C890} = {35F2DE67-57C4-4505-9267-174C73FC997D}
		{35F2DE67-57C4-4505-9267-174C73FC997D} = {6EFAAC6C-34BB-4B5E-BA4B-5EE8FC4E7EE9}
	EndGlobalSection
	GlobalSection(ExtensibilityGlobals) = postSolution
		SolutionGuid = {9BF17FD0-71AA-4BD7-8A47-F3EC23B7F3F6}
	EndGlobalSection
EndGlobal
